
Microsoft Visual Studio Solution File, Format Version 12.00
# Visual Studio Version 17
VisualStudioVersion = 17.11.35312.102
MinimumVisualStudioVersion = 10.0.40219.1
Project("{8BC9CEB8-8B4A-11D0-8D11-00A0C91BC942}") = "p07", "p07\p07.vcxproj", "{E41BF1CA-2F32-4311-9FAC-E21E4A088E55}"
EndProject
Global
	GlobalSection(SolutionConfigurationPlatforms) = preSolution
		Debug|x64 = Debug|x64
		Debug|x86 = Debug|x86
		Release|x64 = Release|x64
		Release|x86 = Release|x86
	EndGlobalSection
	GlobalSection(ProjectConfigurationPlatforms) = postSolution
		{E41BF1CA-2F32-4311-9FAC-E21E4A088E55}.Debug|x64.ActiveCfg = Debug|x64
		{E41BF1CA-2F32-4311-9FAC-E21E4A088E55}.Debug|x64.Build.0 = Debug|x64
		{E41BF1CA-2F32-4311-9FAC-E21E4A088E55}.Debug|x86.ActiveCfg = Debug|Win32
		{E41BF1CA-2F32-4311-9FAC-E21E4A088E55}.Debug|x86.Build.0 = Debug|Win32
		{E41BF1CA-2F32-4311-9FAC-E21E4A088E55}.Release|x64.ActiveCfg = Release|x64
		{E41BF1CA-2F32-4311-9FAC-E21E4A088E55}.Release|x64.Build.0 = Release|x64
		{E41BF1CA-2F32-4311-9FAC-E21E4A088E55}.Release|x86.ActiveCfg = Release|Win32
		{E41BF1CA-2F32-4311-9FAC-E21E4A088E55}.Release|x86.Build.0 = Release|Win32
	EndGlobalSection
	GlobalSection(SolutionProperties) = preSolution
		HideSolutionNode = FALSE
	EndGlobalSection
	GlobalSection(ExtensibilityGlobals) = postSolution
		SolutionGuid = {79A4DC13-BC63-45B5-9486-3CB8F93B5350}
	EndGlobalSection
EndGlobal
